// !$*UTF8*$!
{
	archiveVersion = 1;
	classes = {
	};
	objectVersion = 55;
	objects = {

/* Begin PBXBuildFile section */
		B6A73FBB28C0FB7D00151593 /* AppDelegate.swift in Sources */ = {isa = PBXBuildFile; fileRef = B6A73FBA28C0FB7D00151593 /* AppDelegate.swift */; };
		B6A73FBF28C0FB7D00151593 /* SplashVC.swift in Sources */ = {isa = PBXBuildFile; fileRef = B6A73FBE28C0FB7D00151593 /* SplashVC.swift */; };
		B6A73FC228C0FB7D00151593 /* SplashVC.storyboard in Resources */ = {isa = PBXBuildFile; fileRef = B6A73FC028C0FB7D00151593 /* SplashVC.storyboard */; };
		B6A73FC428C0FB7E00151593 /* Assets.xcassets in Resources */ = {isa = PBXBuildFile; fileRef = B6A73FC328C0FB7E00151593 /* Assets.xcassets */; };
		B6A73FEF28C0FDC200151593 /* GlobalDefault.swift in Sources */ = {isa = PBXBuildFile; fileRef = B6A73FEE28C0FDC200151593 /* GlobalDefault.swift */; };
		B6A73FF128C101EE00151593 /* AES256Util.swift in Sources */ = {isa = PBXBuildFile; fileRef = B6A73FF028C101EE00151593 /* AES256Util.swift */; };
		B6A7402B28C341C900151593 /* Loading.swift in Sources */ = {isa = PBXBuildFile; fileRef = B6A7400128C341C900151593 /* Loading.swift */; };
		B6A7402E28C341C900151593 /* FlowManager.swift in Sources */ = {isa = PBXBuildFile; fileRef = B6A7400528C341C900151593 /* FlowManager.swift */; };
		B6A7402F28C341C900151593 /* AppEmergencyNotice.swift in Sources */ = {isa = PBXBuildFile; fileRef = B6A7400628C341C900151593 /* AppEmergencyNotice.swift */; };
		B6A7403028C341C900151593 /* AppUpdateInfo.swift in Sources */ = {isa = PBXBuildFile; fileRef = B6A7400728C341C900151593 /* AppUpdateInfo.swift */; };
		B6A7403B28C341C900151593 /* PermissionVCTableSubView.swift in Sources */ = {isa = PBXBuildFile; fileRef = B6A7401628C341C900151593 /* PermissionVCTableSubView.swift */; };
		B6A7403C28C341C900151593 /* PermissionVC.swift in Sources */ = {isa = PBXBuildFile; fileRef = B6A7401728C341C900151593 /* PermissionVC.swift */; };
		B6A7403D28C341C900151593 /* PermissionVC.storyboard in Resources */ = {isa = PBXBuildFile; fileRef = B6A7401828C341C900151593 /* PermissionVC.storyboard */; };
		B6A7404C28C343BC00151593 /* CommonPopupVC.swift in Sources */ = {isa = PBXBuildFile; fileRef = B6A7404A28C343BC00151593 /* CommonPopupVC.swift */; };
		B6A7404D28C343BC00151593 /* CommonPopupVC.storyboard in Resources */ = {isa = PBXBuildFile; fileRef = B6A7404B28C343BC00151593 /* CommonPopupVC.storyboard */; };
		B6A7405128C343D900151593 /* ToastPopupView.swift in Sources */ = {isa = PBXBuildFile; fileRef = B6A7404E28C343D800151593 /* ToastPopupView.swift */; };
		B6A7405228C343D900151593 /* ToastPopupView.xib in Resources */ = {isa = PBXBuildFile; fileRef = B6A7404F28C343D800151593 /* ToastPopupView.xib */; };
		B6A7405328C343D900151593 /* ToastPopup.swift in Sources */ = {isa = PBXBuildFile; fileRef = B6A7405028C343D900151593 /* ToastPopup.swift */; };
		B6A7405628C3488D00151593 /* UITableHeaderFooterView.swift in Sources */ = {isa = PBXBuildFile; fileRef = B6A7405528C3488D00151593 /* UITableHeaderFooterView.swift */; };
		B6A7405828C3490600151593 /* UIColor.swift in Sources */ = {isa = PBXBuildFile; fileRef = B6A7405728C3490600151593 /* UIColor.swift */; };
		B6A7405A28C34AA400151593 /* UIView.swift in Sources */ = {isa = PBXBuildFile; fileRef = B6A7405928C34AA400151593 /* UIView.swift */; };
		B6A7405C28C34E3000151593 /* MainVC.swift in Sources */ = {isa = PBXBuildFile; fileRef = B6A7405B28C34E3000151593 /* MainVC.swift */; };
		B6A7406028C3552600151593 /* Foundation.framework in Frameworks */ = {isa = PBXBuildFile; fileRef = B6A7405F28C3552600151593 /* Foundation.framework */; };
		B6A7406428C36BB500151593 /* MainFlowProvider.swift in Sources */ = {isa = PBXBuildFile; fileRef = B6A7406328C36BB500151593 /* MainFlowProvider.swift */; };
		B6A7406728C36DF300151593 /* Emergency.swift in Sources */ = {isa = PBXBuildFile; fileRef = B6A7406628C36DF300151593 /* Emergency.swift */; };
		B6A7406B28C3789B00151593 /* Single+Codable.swift in Sources */ = {isa = PBXBuildFile; fileRef = B6A7406828C3789A00151593 /* Single+Codable.swift */; };
		B6A7406C28C3789B00151593 /* Response+Codable.swift in Sources */ = {isa = PBXBuildFile; fileRef = B6A7406928C3789A00151593 /* Response+Codable.swift */; };
		B6A7406D28C3789B00151593 /* ObservableType+Codable.swift in Sources */ = {isa = PBXBuildFile; fileRef = B6A7406A28C3789B00151593 /* ObservableType+Codable.swift */; };
		B6A7406F28C37DEF00151593 /* EmergencyPopup.swift in Sources */ = {isa = PBXBuildFile; fileRef = B6A7406E28C37DEF00151593 /* EmergencyPopup.swift */; };
		B6A7407128C37DFE00151593 /* EmergencyPopup.storyboard in Resources */ = {isa = PBXBuildFile; fileRef = B6A7407028C37DFE00151593 /* EmergencyPopup.storyboard */; };
		B6A7407728C3806B00151593 /* NotoSansKR-Medium.otf in Resources */ = {isa = PBXBuildFile; fileRef = B6A7407428C3806A00151593 /* NotoSansKR-Medium.otf */; };
		B6A7407828C3806B00151593 /* NotoSansKR-Regular.otf in Resources */ = {isa = PBXBuildFile; fileRef = B6A7407528C3806A00151593 /* NotoSansKR-Regular.otf */; };
		B6A7407928C3806B00151593 /* NotoSansKR-Bold.otf in Resources */ = {isa = PBXBuildFile; fileRef = B6A7407628C3806B00151593 /* NotoSansKR-Bold.otf */; };
		B6A7407D28C4252A00151593 /* RealNetworkMonitor.swift in Sources */ = {isa = PBXBuildFile; fileRef = B6A7407C28C4252A00151593 /* RealNetworkMonitor.swift */; };
		B6A7407F28C43CE800151593 /* MainVC+WKWebViewDelegate.swift in Sources */ = {isa = PBXBuildFile; fileRef = B6A7407E28C43CE800151593 /* MainVC+WKWebViewDelegate.swift */; };
		C03BAEC4F6925A891EDC2458 /* Pods_shopmaker.framework in Frameworks */ = {isa = PBXBuildFile; fileRef = 6ECAFDC60A6F81F5B883D575 /* Pods_shopmaker.framework */; };
		C2CE20E328E6C5AF00051978 /* MainViewModel.swift in Sources */ = {isa = PBXBuildFile; fileRef = C2CE20E228E6C5AF00051978 /* MainViewModel.swift */; };
		C2CE20E728E6C9AE00051978 /* UIImage.swift in Sources */ = {isa = PBXBuildFile; fileRef = C2CE20E628E6C9AE00051978 /* UIImage.swift */; };
		C2CE20E928E6C9CA00051978 /* Asset.swift in Sources */ = {isa = PBXBuildFile; fileRef = C2CE20E828E6C9CA00051978 /* Asset.swift */; };
		C2CE20EE28EA741D00051978 /* Date.swift in Sources */ = {isa = PBXBuildFile; fileRef = C2CE20ED28EA741D00051978 /* Date.swift */; };
		C2CE20F028EAA34D00051978 /* String.swift in Sources */ = {isa = PBXBuildFile; fileRef = C2CE20EF28EAA34D00051978 /* String.swift */; };
		C2CE20F228EABD7900051978 /* MomentProvider.swift in Sources */ = {isa = PBXBuildFile; fileRef = C2CE20F128EABD7900051978 /* MomentProvider.swift */; };
		C2CE20F428EAC0EB00051978 /* MomentRegist.swift in Sources */ = {isa = PBXBuildFile; fileRef = C2CE20F328EAC0EB00051978 /* MomentRegist.swift */; };
		C2CE20F628EAC9C500051978 /* URL.swift in Sources */ = {isa = PBXBuildFile; fileRef = C2CE20F528EAC9C500051978 /* URL.swift */; };
		C2CE20F828EB28FB00051978 /* VersionInfo.swift in Sources */ = {isa = PBXBuildFile; fileRef = C2CE20F728EB28FB00051978 /* VersionInfo.swift */; };
		D271E16E2A3AC9A800032D5C /* Constants.swift in Sources */ = {isa = PBXBuildFile; fileRef = D271E16D2A3AC9A800032D5C /* Constants.swift */; };
		D271E1722A3ACB5300032D5C /* FileDownloadEntity.swift in Sources */ = {isa = PBXBuildFile; fileRef = D271E1712A3ACB5300032D5C /* FileDownloadEntity.swift */; };
		D271E1742A3ACBE100032D5C /* FileDownloadUseCase.swift in Sources */ = {isa = PBXBuildFile; fileRef = D271E1732A3ACBE100032D5C /* FileDownloadUseCase.swift */; };
		D271E1772A3ACD0800032D5C /* FileDownloadRepository.swift in Sources */ = {isa = PBXBuildFile; fileRef = D271E1762A3ACD0800032D5C /* FileDownloadRepository.swift */; };
		D271E1792A3AFDEB00032D5C /* FileDownloadAPI.swift in Sources */ = {isa = PBXBuildFile; fileRef = D271E1782A3AFDEB00032D5C /* FileDownloadAPI.swift */; };
		D271E17B2A3AFE0C00032D5C /* FileDownloadDataSource.swift in Sources */ = {isa = PBXBuildFile; fileRef = D271E17A2A3AFE0C00032D5C /* FileDownloadDataSource.swift */; };
		D271E17E2A41715600032D5C /* UIViewController+Storyboard.swift in Sources */ = {isa = PBXBuildFile; fileRef = D271E17D2A41715600032D5C /* UIViewController+Storyboard.swift */; };
		D271E1802A417BF000032D5C /* UserRepository.swift in Sources */ = {isa = PBXBuildFile; fileRef = D271E17F2A417BF000032D5C /* UserRepository.swift */; };
		D271E1822A417C5500032D5C /* RemoteDataSource.swift in Sources */ = {isa = PBXBuildFile; fileRef = D271E1812A417C5500032D5C /* RemoteDataSource.swift */; };
		D271E1842A417CB900032D5C /* User.swift in Sources */ = {isa = PBXBuildFile; fileRef = D271E1832A417CB900032D5C /* User.swift */; };
		D271E1862A4186C900032D5C /* RemoteAPI.swift in Sources */ = {isa = PBXBuildFile; fileRef = D271E1852A4186C900032D5C /* RemoteAPI.swift */; };
		D271E1882A4189D700032D5C /* UsersEntity.swift in Sources */ = {isa = PBXBuildFile; fileRef = D271E1872A4189D700032D5C /* UsersEntity.swift */; };
		D271E18A2A418B7900032D5C /* UserInfoUseCase.swift in Sources */ = {isa = PBXBuildFile; fileRef = D271E1892A418B7900032D5C /* UserInfoUseCase.swift */; };
		D271E18C2A4197DD00032D5C /* LoggedPlugin.swift in Sources */ = {isa = PBXBuildFile; fileRef = D271E18B2A4197DD00032D5C /* LoggedPlugin.swift */; };
		D27E0CC32A1743A000FC74DA /* BioAuthVC.storyboard in Resources */ = {isa = PBXBuildFile; fileRef = D27E0CC22A1743A000FC74DA /* BioAuthVC.storyboard */; };
		D27E0CC52A1743BA00FC74DA /* BioAuthVC.swift in Sources */ = {isa = PBXBuildFile; fileRef = D27E0CC42A1743BA00FC74DA /* BioAuthVC.swift */; };
		D294BFBD2A172D5B00C9376D /* MainVC.storyboard in Resources */ = {isa = PBXBuildFile; fileRef = D294BFBC2A172D5B00C9376D /* MainVC.storyboard */; };
		D2C46BD62A42ED6300641462 /* LocationRepository.swift in Sources */ = {isa = PBXBuildFile; fileRef = D2C46BD52A42ED6300641462 /* LocationRepository.swift */; };
		D2C46BD82A42EDA400641462 /* DirectionUseCase.swift in Sources */ = {isa = PBXBuildFile; fileRef = D2C46BD72A42EDA400641462 /* DirectionUseCase.swift */; };
		D2C46BDA2A42EE6200641462 /* DirectionEntity.swift in Sources */ = {isa = PBXBuildFile; fileRef = D2C46BD92A42EE6200641462 /* DirectionEntity.swift */; };
		D2CC58752A42C80900F3A3C3 /* LocationManager.swift in Sources */ = {isa = PBXBuildFile; fileRef = D2CC58742A42C80900F3A3C3 /* LocationManager.swift */; };
		D2CC58782A42E3E700F3A3C3 /* LocationInfo.swift in Sources */ = {isa = PBXBuildFile; fileRef = D2CC58772A42E3E700F3A3C3 /* LocationInfo.swift */; };
/* End PBXBuildFile section */

/* Begin PBXFileReference section */
		6ECAFDC60A6F81F5B883D575 /* Pods_shopmaker.framework */ = {isa = PBXFileReference; explicitFileType = wrapper.framework; includeInIndex = 0; path = Pods_shopmaker.framework; sourceTree = BUILT_PRODUCTS_DIR; };
		763C7343ACD375B99D32180A /* Pods-shopmaker.debug.xcconfig */ = {isa = PBXFileReference; includeInIndex = 1; lastKnownFileType = text.xcconfig; name = "Pods-shopmaker.debug.xcconfig"; path = "Target Support Files/Pods-shopmaker/Pods-shopmaker.debug.xcconfig"; sourceTree = "<group>"; };
		84990AF463CEDED7DFBEB216 /* Pods-shopmaker.release.xcconfig */ = {isa = PBXFileReference; includeInIndex = 1; lastKnownFileType = text.xcconfig; name = "Pods-shopmaker.release.xcconfig"; path = "Target Support Files/Pods-shopmaker/Pods-shopmaker.release.xcconfig"; sourceTree = "<group>"; };
		B61E5BD728DCAB2900AF15C2 /* shopmakerRelease.entitlements */ = {isa = PBXFileReference; lastKnownFileType = text.plist.entitlements; path = shopmakerRelease.entitlements; sourceTree = "<group>"; };
		B653DC4F28DCBB9600267810 /* shopmaker.entitlements */ = {isa = PBXFileReference; lastKnownFileType = text.plist.entitlements; path = shopmaker.entitlements; sourceTree = "<group>"; };
		B6A73FBA28C0FB7D00151593 /* AppDelegate.swift */ = {isa = PBXFileReference; lastKnownFileType = sourcecode.swift; path = AppDelegate.swift; sourceTree = "<group>"; };
		B6A73FBE28C0FB7D00151593 /* SplashVC.swift */ = {isa = PBXFileReference; lastKnownFileType = sourcecode.swift; path = SplashVC.swift; sourceTree = "<group>"; };
		B6A73FC128C0FB7D00151593 /* Base */ = {isa = PBXFileReference; lastKnownFileType = file.storyboard; name = Base; path = Base.lproj/SplashVC.storyboard; sourceTree = "<group>"; };
		B6A73FC328C0FB7E00151593 /* Assets.xcassets */ = {isa = PBXFileReference; lastKnownFileType = folder.assetcatalog; path = Assets.xcassets; sourceTree = "<group>"; };
		B6A73FC828C0FB7E00151593 /* Info.plist */ = {isa = PBXFileReference; lastKnownFileType = text.plist.xml; path = Info.plist; sourceTree = "<group>"; };
		B6A73FEE28C0FDC200151593 /* GlobalDefault.swift */ = {isa = PBXFileReference; lastKnownFileType = sourcecode.swift; path = GlobalDefault.swift; sourceTree = "<group>"; };
		B6A73FF028C101EE00151593 /* AES256Util.swift */ = {isa = PBXFileReference; lastKnownFileType = sourcecode.swift; path = AES256Util.swift; sourceTree = "<group>"; };
		B6A7400128C341C900151593 /* Loading.swift */ = {isa = PBXFileReference; fileEncoding = 4; lastKnownFileType = sourcecode.swift; path = Loading.swift; sourceTree = "<group>"; };
		B6A7400528C341C900151593 /* FlowManager.swift */ = {isa = PBXFileReference; fileEncoding = 4; lastKnownFileType = sourcecode.swift; path = FlowManager.swift; sourceTree = "<group>"; };
		B6A7400628C341C900151593 /* AppEmergencyNotice.swift */ = {isa = PBXFileReference; fileEncoding = 4; lastKnownFileType = sourcecode.swift; path = AppEmergencyNotice.swift; sourceTree = "<group>"; };
		B6A7400728C341C900151593 /* AppUpdateInfo.swift */ = {isa = PBXFileReference; fileEncoding = 4; lastKnownFileType = sourcecode.swift; path = AppUpdateInfo.swift; sourceTree = "<group>"; };
		B6A7401628C341C900151593 /* PermissionVCTableSubView.swift */ = {isa = PBXFileReference; fileEncoding = 4; lastKnownFileType = sourcecode.swift; path = PermissionVCTableSubView.swift; sourceTree = "<group>"; };
		B6A7401728C341C900151593 /* PermissionVC.swift */ = {isa = PBXFileReference; fileEncoding = 4; lastKnownFileType = sourcecode.swift; path = PermissionVC.swift; sourceTree = "<group>"; };
		B6A7401828C341C900151593 /* PermissionVC.storyboard */ = {isa = PBXFileReference; fileEncoding = 4; lastKnownFileType = file.storyboard; path = PermissionVC.storyboard; sourceTree = "<group>"; };
		B6A7404A28C343BC00151593 /* CommonPopupVC.swift */ = {isa = PBXFileReference; fileEncoding = 4; lastKnownFileType = sourcecode.swift; path = CommonPopupVC.swift; sourceTree = "<group>"; };
		B6A7404B28C343BC00151593 /* CommonPopupVC.storyboard */ = {isa = PBXFileReference; fileEncoding = 4; lastKnownFileType = file.storyboard; path = CommonPopupVC.storyboard; sourceTree = "<group>"; };
		B6A7404E28C343D800151593 /* ToastPopupView.swift */ = {isa = PBXFileReference; fileEncoding = 4; lastKnownFileType = sourcecode.swift; path = ToastPopupView.swift; sourceTree = "<group>"; };
		B6A7404F28C343D800151593 /* ToastPopupView.xib */ = {isa = PBXFileReference; fileEncoding = 4; lastKnownFileType = file.xib; path = ToastPopupView.xib; sourceTree = "<group>"; };
		B6A7405028C343D900151593 /* ToastPopup.swift */ = {isa = PBXFileReference; fileEncoding = 4; lastKnownFileType = sourcecode.swift; path = ToastPopup.swift; sourceTree = "<group>"; };
		B6A7405528C3488D00151593 /* UITableHeaderFooterView.swift */ = {isa = PBXFileReference; lastKnownFileType = sourcecode.swift; path = UITableHeaderFooterView.swift; sourceTree = "<group>"; };
		B6A7405728C3490600151593 /* UIColor.swift */ = {isa = PBXFileReference; lastKnownFileType = sourcecode.swift; path = UIColor.swift; sourceTree = "<group>"; };
		B6A7405928C34AA400151593 /* UIView.swift */ = {isa = PBXFileReference; lastKnownFileType = sourcecode.swift; path = UIView.swift; sourceTree = "<group>"; };
		B6A7405B28C34E3000151593 /* MainVC.swift */ = {isa = PBXFileReference; lastKnownFileType = sourcecode.swift; path = MainVC.swift; sourceTree = "<group>"; };
		B6A7405F28C3552600151593 /* Foundation.framework */ = {isa = PBXFileReference; lastKnownFileType = wrapper.framework; name = Foundation.framework; path = System/Library/Frameworks/Foundation.framework; sourceTree = SDKROOT; };
		B6A7406328C36BB500151593 /* MainFlowProvider.swift */ = {isa = PBXFileReference; fileEncoding = 4; lastKnownFileType = sourcecode.swift; path = MainFlowProvider.swift; sourceTree = "<group>"; };
		B6A7406628C36DF300151593 /* Emergency.swift */ = {isa = PBXFileReference; lastKnownFileType = sourcecode.swift; path = Emergency.swift; sourceTree = "<group>"; };
		B6A7406828C3789A00151593 /* Single+Codable.swift */ = {isa = PBXFileReference; fileEncoding = 4; lastKnownFileType = sourcecode.swift; path = "Single+Codable.swift"; sourceTree = "<group>"; };
		B6A7406928C3789A00151593 /* Response+Codable.swift */ = {isa = PBXFileReference; fileEncoding = 4; lastKnownFileType = sourcecode.swift; path = "Response+Codable.swift"; sourceTree = "<group>"; };
		B6A7406A28C3789B00151593 /* ObservableType+Codable.swift */ = {isa = PBXFileReference; fileEncoding = 4; lastKnownFileType = sourcecode.swift; path = "ObservableType+Codable.swift"; sourceTree = "<group>"; };
		B6A7406E28C37DEF00151593 /* EmergencyPopup.swift */ = {isa = PBXFileReference; lastKnownFileType = sourcecode.swift; path = EmergencyPopup.swift; sourceTree = "<group>"; };
		B6A7407028C37DFE00151593 /* EmergencyPopup.storyboard */ = {isa = PBXFileReference; lastKnownFileType = file.storyboard; path = EmergencyPopup.storyboard; sourceTree = "<group>"; };
		B6A7407428C3806A00151593 /* NotoSansKR-Medium.otf */ = {isa = PBXFileReference; lastKnownFileType = file; path = "NotoSansKR-Medium.otf"; sourceTree = "<group>"; };
		B6A7407528C3806A00151593 /* NotoSansKR-Regular.otf */ = {isa = PBXFileReference; lastKnownFileType = file; path = "NotoSansKR-Regular.otf"; sourceTree = "<group>"; };
		B6A7407628C3806B00151593 /* NotoSansKR-Bold.otf */ = {isa = PBXFileReference; lastKnownFileType = file; path = "NotoSansKR-Bold.otf"; sourceTree = "<group>"; };
		B6A7407C28C4252A00151593 /* RealNetworkMonitor.swift */ = {isa = PBXFileReference; lastKnownFileType = sourcecode.swift; path = RealNetworkMonitor.swift; sourceTree = "<group>"; };
		B6A7407E28C43CE800151593 /* MainVC+WKWebViewDelegate.swift */ = {isa = PBXFileReference; lastKnownFileType = sourcecode.swift; path = "MainVC+WKWebViewDelegate.swift"; sourceTree = "<group>"; };
		C2CE20E228E6C5AF00051978 /* MainViewModel.swift */ = {isa = PBXFileReference; lastKnownFileType = sourcecode.swift; path = MainViewModel.swift; sourceTree = "<group>"; };
		C2CE20E628E6C9AE00051978 /* UIImage.swift */ = {isa = PBXFileReference; lastKnownFileType = sourcecode.swift; path = UIImage.swift; sourceTree = "<group>"; };
		C2CE20E828E6C9CA00051978 /* Asset.swift */ = {isa = PBXFileReference; lastKnownFileType = sourcecode.swift; path = Asset.swift; sourceTree = "<group>"; };
		C2CE20ED28EA741D00051978 /* Date.swift */ = {isa = PBXFileReference; lastKnownFileType = sourcecode.swift; path = Date.swift; sourceTree = "<group>"; };
		C2CE20EF28EAA34D00051978 /* String.swift */ = {isa = PBXFileReference; lastKnownFileType = sourcecode.swift; path = String.swift; sourceTree = "<group>"; };
		C2CE20F128EABD7900051978 /* MomentProvider.swift */ = {isa = PBXFileReference; lastKnownFileType = sourcecode.swift; path = MomentProvider.swift; sourceTree = "<group>"; };
		C2CE20F328EAC0EB00051978 /* MomentRegist.swift */ = {isa = PBXFileReference; lastKnownFileType = sourcecode.swift; path = MomentRegist.swift; sourceTree = "<group>"; };
		C2CE20F528EAC9C500051978 /* URL.swift */ = {isa = PBXFileReference; lastKnownFileType = sourcecode.swift; path = URL.swift; sourceTree = "<group>"; };
		C2CE20F728EB28FB00051978 /* VersionInfo.swift */ = {isa = PBXFileReference; lastKnownFileType = sourcecode.swift; path = VersionInfo.swift; sourceTree = "<group>"; };
		D271E16D2A3AC9A800032D5C /* Constants.swift */ = {isa = PBXFileReference; lastKnownFileType = sourcecode.swift; path = Constants.swift; sourceTree = "<group>"; };
		D271E1712A3ACB5300032D5C /* FileDownloadEntity.swift */ = {isa = PBXFileReference; lastKnownFileType = sourcecode.swift; path = FileDownloadEntity.swift; sourceTree = "<group>"; };
		D271E1732A3ACBE100032D5C /* FileDownloadUseCase.swift */ = {isa = PBXFileReference; lastKnownFileType = sourcecode.swift; path = FileDownloadUseCase.swift; sourceTree = "<group>"; };
		D271E1762A3ACD0800032D5C /* FileDownloadRepository.swift */ = {isa = PBXFileReference; lastKnownFileType = sourcecode.swift; path = FileDownloadRepository.swift; sourceTree = "<group>"; };
		D271E1782A3AFDEB00032D5C /* FileDownloadAPI.swift */ = {isa = PBXFileReference; lastKnownFileType = sourcecode.swift; path = FileDownloadAPI.swift; sourceTree = "<group>"; };
		D271E17A2A3AFE0C00032D5C /* FileDownloadDataSource.swift */ = {isa = PBXFileReference; lastKnownFileType = sourcecode.swift; path = FileDownloadDataSource.swift; sourceTree = "<group>"; };
		D271E17D2A41715600032D5C /* UIViewController+Storyboard.swift */ = {isa = PBXFileReference; lastKnownFileType = sourcecode.swift; path = "UIViewController+Storyboard.swift"; sourceTree = "<group>"; };
		D271E17F2A417BF000032D5C /* UserRepository.swift */ = {isa = PBXFileReference; lastKnownFileType = sourcecode.swift; path = UserRepository.swift; sourceTree = "<group>"; };
		D271E1812A417C5500032D5C /* RemoteDataSource.swift */ = {isa = PBXFileReference; lastKnownFileType = sourcecode.swift; path = RemoteDataSource.swift; sourceTree = "<group>"; };
		D271E1832A417CB900032D5C /* User.swift */ = {isa = PBXFileReference; lastKnownFileType = sourcecode.swift; path = User.swift; sourceTree = "<group>"; };
		D271E1852A4186C900032D5C /* RemoteAPI.swift */ = {isa = PBXFileReference; lastKnownFileType = sourcecode.swift; path = RemoteAPI.swift; sourceTree = "<group>"; };
		D271E1872A4189D700032D5C /* UsersEntity.swift */ = {isa = PBXFileReference; lastKnownFileType = sourcecode.swift; path = UsersEntity.swift; sourceTree = "<group>"; };
		D271E1892A418B7900032D5C /* UserInfoUseCase.swift */ = {isa = PBXFileReference; lastKnownFileType = sourcecode.swift; path = UserInfoUseCase.swift; sourceTree = "<group>"; };
		D271E18B2A4197DD00032D5C /* LoggedPlugin.swift */ = {isa = PBXFileReference; lastKnownFileType = sourcecode.swift; path = LoggedPlugin.swift; sourceTree = "<group>"; };
		D271E18F2A4284B000032D5C /* shopmaker.app */ = {isa = PBXFileReference; explicitFileType = wrapper.application; includeInIndex = 0; path = shopmaker.app; sourceTree = BUILT_PRODUCTS_DIR; };
		D27E0CC22A1743A000FC74DA /* BioAuthVC.storyboard */ = {isa = PBXFileReference; lastKnownFileType = file.storyboard; path = BioAuthVC.storyboard; sourceTree = "<group>"; };
		D27E0CC42A1743BA00FC74DA /* BioAuthVC.swift */ = {isa = PBXFileReference; lastKnownFileType = sourcecode.swift; path = BioAuthVC.swift; sourceTree = "<group>"; };
		D294BFBC2A172D5B00C9376D /* MainVC.storyboard */ = {isa = PBXFileReference; lastKnownFileType = file.storyboard; path = MainVC.storyboard; sourceTree = "<group>"; };
		D2C46BD52A42ED6300641462 /* LocationRepository.swift */ = {isa = PBXFileReference; lastKnownFileType = sourcecode.swift; path = LocationRepository.swift; sourceTree = "<group>"; };
		D2C46BD72A42EDA400641462 /* DirectionUseCase.swift */ = {isa = PBXFileReference; lastKnownFileType = sourcecode.swift; path = DirectionUseCase.swift; sourceTree = "<group>"; };
		D2C46BD92A42EE6200641462 /* DirectionEntity.swift */ = {isa = PBXFileReference; lastKnownFileType = sourcecode.swift; path = DirectionEntity.swift; sourceTree = "<group>"; };
		D2CC58742A42C80900F3A3C3 /* LocationManager.swift */ = {isa = PBXFileReference; lastKnownFileType = sourcecode.swift; path = LocationManager.swift; sourceTree = "<group>"; };
		D2CC58772A42E3E700F3A3C3 /* LocationInfo.swift */ = {isa = PBXFileReference; lastKnownFileType = sourcecode.swift; path = LocationInfo.swift; sourceTree = "<group>"; };
/* End PBXFileReference section */

/* Begin PBXFrameworksBuildPhase section */
		B6A73FB428C0FB7D00151593 /* Frameworks */ = {
			isa = PBXFrameworksBuildPhase;
			buildActionMask = 2147483647;
			files = (
				B6A7406028C3552600151593 /* Foundation.framework in Frameworks */,
				C03BAEC4F6925A891EDC2458 /* Pods_shopmaker.framework in Frameworks */,
			);
			runOnlyForDeploymentPostprocessing = 0;
		};
/* End PBXFrameworksBuildPhase section */

/* Begin PBXGroup section */
		59BA8C9598D5904F5229DED3 /* Frameworks */ = {
			isa = PBXGroup;
			children = (
				B6A7405F28C3552600151593 /* Foundation.framework */,
				6ECAFDC60A6F81F5B883D575 /* Pods_shopmaker.framework */,
			);
			name = Frameworks;
			sourceTree = "<group>";
		};
		B6A73FAE28C0FB7D00151593 = {
			isa = PBXGroup;
			children = (
				B6A73FB928C0FB7D00151593 /* shopmaker */,
				59BA8C9598D5904F5229DED3 /* Frameworks */,
				D7100CC22A1D16FF7E371894 /* Pods */,
				D271E18F2A4284B000032D5C /* shopmaker.app */,
			);
			sourceTree = "<group>";
		};
		B6A73FB928C0FB7D00151593 /* shopmaker */ = {
			isa = PBXGroup;
			children = (
				D2CC58722A42C7DD00F3A3C3 /* Feature */,
				B653DC4F28DCBB9600267810 /* shopmaker.entitlements */,
				B61E5BD728DCAB2900AF15C2 /* shopmakerRelease.entitlements */,
				D271E1482A399A7B00032D5C /* data */,
				D271E1462A3998C400032D5C /* domain */,
				D294BFBE2A172DAC00C9376D /* Presentation */,
				B6A7407228C3804B00151593 /* resource */,
				B6A73FEC28C0FD7F00151593 /* Common */,
				B6A73FBA28C0FB7D00151593 /* AppDelegate.swift */,
				B6A73FC328C0FB7E00151593 /* Assets.xcassets */,
				B6A73FC828C0FB7E00151593 /* Info.plist */,
			);
			path = shopmaker;
			sourceTree = "<group>";
		};
		B6A73FEC28C0FD7F00151593 /* Common */ = {
			isa = PBXGroup;
			children = (
				B6A7400028C341C900151593 /* Loading */,
				C2CE20E528E6C99C00051978 /* Extension */,
				B6A7407B28C424E800151593 /* Util */,
				B6A7405428C3487200151593 /* View */,
				B6A7404928C343AA00151593 /* Popup */,
				B6A73FED28C0FD8600151593 /* UserDefault */,
			);
			path = Common;
			sourceTree = "<group>";
		};
		B6A73FED28C0FD8600151593 /* UserDefault */ = {
			isa = PBXGroup;
			children = (
				B6A73FEE28C0FDC200151593 /* GlobalDefault.swift */,
				B6A73FF028C101EE00151593 /* AES256Util.swift */,
			);
			path = UserDefault;
			sourceTree = "<group>";
		};
		B6A73FF628C1111500151593 /* Main */ = {
			isa = PBXGroup;
			children = (
				C2CE20E228E6C5AF00051978 /* MainViewModel.swift */,
				B6A7405B28C34E3000151593 /* MainVC.swift */,
				B6A7407E28C43CE800151593 /* MainVC+WKWebViewDelegate.swift */,
				D294BFBC2A172D5B00C9376D /* MainVC.storyboard */,
			);
			path = Main;
			sourceTree = "<group>";
		};
		B6A73FF828C341C900151593 /* Intro */ = {
			isa = PBXGroup;
			children = (
				D271E1692A3AA85700032D5C /* Splash */,
				B6A7407A28C38CC800151593 /* Emergency */,
				B6A7401528C341C900151593 /* Permission */,
				B6A7400528C341C900151593 /* FlowManager.swift */,
				B6A7400628C341C900151593 /* AppEmergencyNotice.swift */,
				B6A7400728C341C900151593 /* AppUpdateInfo.swift */,
			);
			path = Intro;
			sourceTree = "<group>";
		};
		B6A7400028C341C900151593 /* Loading */ = {
			isa = PBXGroup;
			children = (
				B6A7400128C341C900151593 /* Loading.swift */,
			);
			path = Loading;
			sourceTree = "<group>";
		};
		B6A7401528C341C900151593 /* Permission */ = {
			isa = PBXGroup;
			children = (
				B6A7401628C341C900151593 /* PermissionVCTableSubView.swift */,
				B6A7401728C341C900151593 /* PermissionVC.swift */,
				B6A7401828C341C900151593 /* PermissionVC.storyboard */,
			);
			path = Permission;
			sourceTree = "<group>";
		};
		B6A7404928C343AA00151593 /* Popup */ = {
			isa = PBXGroup;
			children = (
				B6A7405028C343D900151593 /* ToastPopup.swift */,
				B6A7404E28C343D800151593 /* ToastPopupView.swift */,
				B6A7404F28C343D800151593 /* ToastPopupView.xib */,
				B6A7404B28C343BC00151593 /* CommonPopupVC.storyboard */,
				B6A7404A28C343BC00151593 /* CommonPopupVC.swift */,
			);
			path = Popup;
			sourceTree = "<group>";
		};
		B6A7405428C3487200151593 /* View */ = {
			isa = PBXGroup;
			children = (
				B6A7405528C3488D00151593 /* UITableHeaderFooterView.swift */,
				B6A7405728C3490600151593 /* UIColor.swift */,
				B6A7405928C34AA400151593 /* UIView.swift */,
			);
			path = View;
			sourceTree = "<group>";
		};
		B6A7406128C36B9600151593 /* net */ = {
			isa = PBXGroup;
			children = (
				B6A7406528C36DE100151593 /* dto */,
				B6A7406228C36BA000151593 /* provider */,
			);
			path = net;
			sourceTree = "<group>";
		};
		B6A7406228C36BA000151593 /* provider */ = {
			isa = PBXGroup;
			children = (
				B6A7406A28C3789B00151593 /* ObservableType+Codable.swift */,
				B6A7406928C3789A00151593 /* Response+Codable.swift */,
				B6A7406328C36BB500151593 /* MainFlowProvider.swift */,
				B6A7406828C3789A00151593 /* Single+Codable.swift */,
				C2CE20F128EABD7900051978 /* MomentProvider.swift */,
				D271E1782A3AFDEB00032D5C /* FileDownloadAPI.swift */,
				D271E17A2A3AFE0C00032D5C /* FileDownloadDataSource.swift */,
				D271E1812A417C5500032D5C /* RemoteDataSource.swift */,
				D271E1852A4186C900032D5C /* RemoteAPI.swift */,
				D271E18B2A4197DD00032D5C /* LoggedPlugin.swift */,
			);
			path = provider;
			sourceTree = "<group>";
		};
		B6A7406528C36DE100151593 /* dto */ = {
			isa = PBXGroup;
			children = (
				B6A7406628C36DF300151593 /* Emergency.swift */,
				C2CE20F328EAC0EB00051978 /* MomentRegist.swift */,
				C2CE20F728EB28FB00051978 /* VersionInfo.swift */,
				D271E1832A417CB900032D5C /* User.swift */,
			);
			path = dto;
			sourceTree = "<group>";
		};
		B6A7407228C3804B00151593 /* resource */ = {
			isa = PBXGroup;
			children = (
				B6A7407328C3805400151593 /* font */,
			);
			path = resource;
			sourceTree = "<group>";
		};
		B6A7407328C3805400151593 /* font */ = {
			isa = PBXGroup;
			children = (
				B6A7407628C3806B00151593 /* NotoSansKR-Bold.otf */,
				B6A7407428C3806A00151593 /* NotoSansKR-Medium.otf */,
				B6A7407528C3806A00151593 /* NotoSansKR-Regular.otf */,
			);
			path = font;
			sourceTree = "<group>";
		};
		B6A7407A28C38CC800151593 /* Emergency */ = {
			isa = PBXGroup;
			children = (
				B6A7406E28C37DEF00151593 /* EmergencyPopup.swift */,
				B6A7407028C37DFE00151593 /* EmergencyPopup.storyboard */,
			);
			path = Emergency;
			sourceTree = "<group>";
		};
		B6A7407B28C424E800151593 /* Util */ = {
			isa = PBXGroup;
			children = (
				B6A7407C28C4252A00151593 /* RealNetworkMonitor.swift */,
			);
			path = Util;
			sourceTree = "<group>";
		};
		C2CE20E528E6C99C00051978 /* Extension */ = {
			isa = PBXGroup;
			children = (
				C2CE20E628E6C9AE00051978 /* UIImage.swift */,
				C2CE20E828E6C9CA00051978 /* Asset.swift */,
				C2CE20ED28EA741D00051978 /* Date.swift */,
				C2CE20EF28EAA34D00051978 /* String.swift */,
				C2CE20F528EAC9C500051978 /* URL.swift */,
			);
			path = Extension;
			sourceTree = "<group>";
		};
		D271E1462A3998C400032D5C /* domain */ = {
			isa = PBXGroup;
			children = (
				D271E16C2A3AC98E00032D5C /* Constants */,
				D271E16B2A3AA8B300032D5C /* Entity */,
				D271E16A2A3AA8A800032D5C /* Usecase */,
			);
			path = domain;
			sourceTree = "<group>";
		};
		D271E1482A399A7B00032D5C /* data */ = {
			isa = PBXGroup;
			children = (
				D271E1752A3ACCDC00032D5C /* Repository */,
				B6A7406128C36B9600151593 /* net */,
			);
			path = data;
			sourceTree = "<group>";
		};
		D271E1692A3AA85700032D5C /* Splash */ = {
			isa = PBXGroup;
			children = (
				B6A73FC028C0FB7D00151593 /* SplashVC.storyboard */,
				B6A73FBE28C0FB7D00151593 /* SplashVC.swift */,
			);
			path = Splash;
			sourceTree = "<group>";
		};
		D271E16A2A3AA8A800032D5C /* Usecase */ = {
			isa = PBXGroup;
			children = (
				D271E1732A3ACBE100032D5C /* FileDownloadUseCase.swift */,
				D271E1892A418B7900032D5C /* UserInfoUseCase.swift */,
				D2C46BD72A42EDA400641462 /* DirectionUseCase.swift */,
			);
			path = Usecase;
			sourceTree = "<group>";
		};
		D271E16B2A3AA8B300032D5C /* Entity */ = {
			isa = PBXGroup;
			children = (
				D271E1712A3ACB5300032D5C /* FileDownloadEntity.swift */,
				D271E1872A4189D700032D5C /* UsersEntity.swift */,
				D2C46BD92A42EE6200641462 /* DirectionEntity.swift */,
			);
			path = Entity;
			sourceTree = "<group>";
		};
		D271E16C2A3AC98E00032D5C /* Constants */ = {
			isa = PBXGroup;
			children = (
				D271E16D2A3AC9A800032D5C /* Constants.swift */,
			);
			path = Constants;
			sourceTree = "<group>";
		};
		D271E1752A3ACCDC00032D5C /* Repository */ = {
			isa = PBXGroup;
			children = (
				D271E1762A3ACD0800032D5C /* FileDownloadRepository.swift */,
				D271E17F2A417BF000032D5C /* UserRepository.swift */,
				D2C46BD52A42ED6300641462 /* LocationRepository.swift */,
			);
			path = Repository;
			sourceTree = "<group>";
		};
		D271E17C2A41713800032D5C /* Protocol */ = {
			isa = PBXGroup;
			children = (
				D271E17D2A41715600032D5C /* UIViewController+Storyboard.swift */,
			);
			path = Protocol;
			sourceTree = "<group>";
		};
		D27E0CC12A17438500FC74DA /* BioAuth */ = {
			isa = PBXGroup;
			children = (
				D27E0CC22A1743A000FC74DA /* BioAuthVC.storyboard */,
				D27E0CC42A1743BA00FC74DA /* BioAuthVC.swift */,
			);
			path = BioAuth;
			sourceTree = "<group>";
		};
		D294BFBE2A172DAC00C9376D /* Presentation */ = {
			isa = PBXGroup;
			children = (
				D2CC58762A42E3D400F3A3C3 /* Model */,
				D271E17C2A41713800032D5C /* Protocol */,
				D27E0CC12A17438500FC74DA /* BioAuth */,
				B6A73FF828C341C900151593 /* Intro */,
				B6A73FF628C1111500151593 /* Main */,
			);
			path = Presentation;
			sourceTree = "<group>";
		};
		D2CC58722A42C7DD00F3A3C3 /* Feature */ = {
			isa = PBXGroup;
			children = (
				D2CC58732A42C7F900F3A3C3 /* Location */,
			);
			path = Feature;
			sourceTree = "<group>";
		};
		D2CC58732A42C7F900F3A3C3 /* Location */ = {
			isa = PBXGroup;
			children = (
				D2CC58742A42C80900F3A3C3 /* LocationManager.swift */,
			);
			path = Location;
			sourceTree = "<group>";
		};
		D2CC58762A42E3D400F3A3C3 /* Model */ = {
			isa = PBXGroup;
			children = (
				D2CC58772A42E3E700F3A3C3 /* LocationInfo.swift */,
			);
			path = Model;
			sourceTree = "<group>";
		};
		D7100CC22A1D16FF7E371894 /* Pods */ = {
			isa = PBXGroup;
			children = (
				763C7343ACD375B99D32180A /* Pods-shopmaker.debug.xcconfig */,
				84990AF463CEDED7DFBEB216 /* Pods-shopmaker.release.xcconfig */,
			);
			path = Pods;
			sourceTree = "<group>";
		};
/* End PBXGroup section */

/* Begin PBXNativeTarget section */
		B6A73FB628C0FB7D00151593 /* shopmaker */ = {
			isa = PBXNativeTarget;
			buildConfigurationList = B6A73FE128C0FB7E00151593 /* Build configuration list for PBXNativeTarget "shopmaker" */;
			buildPhases = (
				ABCE797D62F3C8B2CE5574C4 /* [CP] Check Pods Manifest.lock */,
				B6A73FB328C0FB7D00151593 /* Sources */,
				B6A73FB428C0FB7D00151593 /* Frameworks */,
				B6A73FB528C0FB7D00151593 /* Resources */,
				793F189BB910C171CED3FE55 /* [CP] Embed Pods Frameworks */,
			);
			buildRules = (
			);
			dependencies = (
			);
			name = shopmaker;
			productName = zaihan;
			productReference = D271E18F2A4284B000032D5C /* shopmaker.app */;
			productType = "com.apple.product-type.application";
		};
/* End PBXNativeTarget section */

/* Begin PBXProject section */
		B6A73FAF28C0FB7D00151593 /* Project object */ = {
			isa = PBXProject;
			attributes = {
				BuildIndependentTargetsInParallel = 1;
				LastSwiftUpdateCheck = 1340;
				LastUpgradeCheck = 1340;
				TargetAttributes = {
					B6A73FB628C0FB7D00151593 = {
						CreatedOnToolsVersion = 13.4.1;
					};
				};
			};
			buildConfigurationList = B6A73FB228C0FB7D00151593 /* Build configuration list for PBXProject "shopmaker" */;
			compatibilityVersion = "Xcode 13.0";
			developmentRegion = en;
			hasScannedForEncodings = 0;
			knownRegions = (
				en,
				Base,
			);
			mainGroup = B6A73FAE28C0FB7D00151593;
			productRefGroup = B6A73FAE28C0FB7D00151593;
			projectDirPath = "";
			projectRoot = "";
			targets = (
				B6A73FB628C0FB7D00151593 /* shopmaker */,
			);
		};
/* End PBXProject section */

/* Begin PBXResourcesBuildPhase section */
		B6A73FB528C0FB7D00151593 /* Resources */ = {
			isa = PBXResourcesBuildPhase;
			buildActionMask = 2147483647;
			files = (
				D294BFBD2A172D5B00C9376D /* MainVC.storyboard in Resources */,
				B6A7404D28C343BC00151593 /* CommonPopupVC.storyboard in Resources */,
				B6A7407828C3806B00151593 /* NotoSansKR-Regular.otf in Resources */,
				B6A7403D28C341C900151593 /* PermissionVC.storyboard in Resources */,
				B6A7407128C37DFE00151593 /* EmergencyPopup.storyboard in Resources */,
				B6A7407928C3806B00151593 /* NotoSansKR-Bold.otf in Resources */,
				B6A7405228C343D900151593 /* ToastPopupView.xib in Resources */,
				B6A7407728C3806B00151593 /* NotoSansKR-Medium.otf in Resources */,
				B6A73FC428C0FB7E00151593 /* Assets.xcassets in Resources */,
				D27E0CC32A1743A000FC74DA /* BioAuthVC.storyboard in Resources */,
				B6A73FC228C0FB7D00151593 /* SplashVC.storyboard in Resources */,
			);
			runOnlyForDeploymentPostprocessing = 0;
		};
/* End PBXResourcesBuildPhase section */

/* Begin PBXShellScriptBuildPhase section */
		793F189BB910C171CED3FE55 /* [CP] Embed Pods Frameworks */ = {
			isa = PBXShellScriptBuildPhase;
			buildActionMask = 2147483647;
			files = (
			);
			inputFileListPaths = (
				"${PODS_ROOT}/Target Support Files/Pods-shopmaker/Pods-shopmaker-frameworks-${CONFIGURATION}-input-files.xcfilelist",
			);
			name = "[CP] Embed Pods Frameworks";
			outputFileListPaths = (
				"${PODS_ROOT}/Target Support Files/Pods-shopmaker/Pods-shopmaker-frameworks-${CONFIGURATION}-output-files.xcfilelist",
			);
			runOnlyForDeploymentPostprocessing = 0;
			shellPath = /bin/sh;
			shellScript = "\"${PODS_ROOT}/Target Support Files/Pods-shopmaker/Pods-shopmaker-frameworks.sh\"\n";
			showEnvVarsInLog = 0;
		};
		ABCE797D62F3C8B2CE5574C4 /* [CP] Check Pods Manifest.lock */ = {
			isa = PBXShellScriptBuildPhase;
			buildActionMask = 2147483647;
			files = (
			);
			inputFileListPaths = (
			);
			inputPaths = (
				"${PODS_PODFILE_DIR_PATH}/Podfile.lock",
				"${PODS_ROOT}/Manifest.lock",
			);
			name = "[CP] Check Pods Manifest.lock";
			outputFileListPaths = (
			);
			outputPaths = (
				"$(DERIVED_FILE_DIR)/Pods-shopmaker-checkManifestLockResult.txt",
			);
			runOnlyForDeploymentPostprocessing = 0;
			shellPath = /bin/sh;
			shellScript = "diff \"${PODS_PODFILE_DIR_PATH}/Podfile.lock\" \"${PODS_ROOT}/Manifest.lock\" > /dev/null\nif [ $? != 0 ] ; then\n    # print error to STDERR\n    echo \"error: The sandbox is not in sync with the Podfile.lock. Run 'pod install' or update your CocoaPods installation.\" >&2\n    exit 1\nfi\n# This output is used by Xcode 'outputs' to avoid re-running this script phase.\necho \"SUCCESS\" > \"${SCRIPT_OUTPUT_FILE_0}\"\n";
			showEnvVarsInLog = 0;
		};
/* End PBXShellScriptBuildPhase section */

/* Begin PBXSourcesBuildPhase section */
		B6A73FB328C0FB7D00151593 /* Sources */ = {
			isa = PBXSourcesBuildPhase;
			buildActionMask = 2147483647;
			files = (
				D271E1792A3AFDEB00032D5C /* FileDownloadAPI.swift in Sources */,
				D271E1742A3ACBE100032D5C /* FileDownloadUseCase.swift in Sources */,
				D2CC58752A42C80900F3A3C3 /* LocationManager.swift in Sources */,
				D271E1722A3ACB5300032D5C /* FileDownloadEntity.swift in Sources */,
				B6A7405A28C34AA400151593 /* UIView.swift in Sources */,
				D271E17B2A3AFE0C00032D5C /* FileDownloadDataSource.swift in Sources */,
				B6A7406D28C3789B00151593 /* ObservableType+Codable.swift in Sources */,
				B6A7405628C3488D00151593 /* UITableHeaderFooterView.swift in Sources */,
				B6A7406728C36DF300151593 /* Emergency.swift in Sources */,
				C2CE20F028EAA34D00051978 /* String.swift in Sources */,
				C2CE20EE28EA741D00051978 /* Date.swift in Sources */,
				C2CE20F828EB28FB00051978 /* VersionInfo.swift in Sources */,
				B6A7406428C36BB500151593 /* MainFlowProvider.swift in Sources */,
				B6A7402B28C341C900151593 /* Loading.swift in Sources */,
				B6A7407F28C43CE800151593 /* MainVC+WKWebViewDelegate.swift in Sources */,
				B6A7405C28C34E3000151593 /* MainVC.swift in Sources */,
				D2C46BD62A42ED6300641462 /* LocationRepository.swift in Sources */,
				B6A7406C28C3789B00151593 /* Response+Codable.swift in Sources */,
				C2CE20F428EAC0EB00051978 /* MomentRegist.swift in Sources */,
				D2CC58782A42E3E700F3A3C3 /* LocationInfo.swift in Sources */,
				D271E1772A3ACD0800032D5C /* FileDownloadRepository.swift in Sources */,
				B6A73FEF28C0FDC200151593 /* GlobalDefault.swift in Sources */,
				B6A7407D28C4252A00151593 /* RealNetworkMonitor.swift in Sources */,
				C2CE20F628EAC9C500051978 /* URL.swift in Sources */,
				B6A7405128C343D900151593 /* ToastPopupView.swift in Sources */,
				D271E1842A417CB900032D5C /* User.swift in Sources */,
				D271E18C2A4197DD00032D5C /* LoggedPlugin.swift in Sources */,
				D271E1882A4189D700032D5C /* UsersEntity.swift in Sources */,
				D271E1802A417BF000032D5C /* UserRepository.swift in Sources */,
				C2CE20E728E6C9AE00051978 /* UIImage.swift in Sources */,
				B6A7403C28C341C900151593 /* PermissionVC.swift in Sources */,
				D2C46BD82A42EDA400641462 /* DirectionUseCase.swift in Sources */,
				B6A7403B28C341C900151593 /* PermissionVCTableSubView.swift in Sources */,
				B6A7406B28C3789B00151593 /* Single+Codable.swift in Sources */,
				B6A7402F28C341C900151593 /* AppEmergencyNotice.swift in Sources */,
				C2CE20E328E6C5AF00051978 /* MainViewModel.swift in Sources */,
				C2CE20F228EABD7900051978 /* MomentProvider.swift in Sources */,
				B6A73FBF28C0FB7D00151593 /* SplashVC.swift in Sources */,
				D271E1822A417C5500032D5C /* RemoteDataSource.swift in Sources */,
				B6A7404C28C343BC00151593 /* CommonPopupVC.swift in Sources */,
				B6A7406F28C37DEF00151593 /* EmergencyPopup.swift in Sources */,
				D271E18A2A418B7900032D5C /* UserInfoUseCase.swift in Sources */,
				D2C46BDA2A42EE6200641462 /* DirectionEntity.swift in Sources */,
				D27E0CC52A1743BA00FC74DA /* BioAuthVC.swift in Sources */,
				D271E17E2A41715600032D5C /* UIViewController+Storyboard.swift in Sources */,
				B6A73FBB28C0FB7D00151593 /* AppDelegate.swift in Sources */,
				B6A7405328C343D900151593 /* ToastPopup.swift in Sources */,
				D271E1862A4186C900032D5C /* RemoteAPI.swift in Sources */,
				C2CE20E928E6C9CA00051978 /* Asset.swift in Sources */,
				B6A7405828C3490600151593 /* UIColor.swift in Sources */,
				B6A7402E28C341C900151593 /* FlowManager.swift in Sources */,
				B6A73FF128C101EE00151593 /* AES256Util.swift in Sources */,
				B6A7403028C341C900151593 /* AppUpdateInfo.swift in Sources */,
				D271E16E2A3AC9A800032D5C /* Constants.swift in Sources */,
			);
			runOnlyForDeploymentPostprocessing = 0;
		};
/* End PBXSourcesBuildPhase section */

/* Begin PBXVariantGroup section */
		B6A73FC028C0FB7D00151593 /* SplashVC.storyboard */ = {
			isa = PBXVariantGroup;
			children = (
				B6A73FC128C0FB7D00151593 /* Base */,
			);
			name = SplashVC.storyboard;
			sourceTree = "<group>";
		};
/* End PBXVariantGroup section */

/* Begin XCBuildConfiguration section */
		B6A73FDF28C0FB7E00151593 /* Debug */ = {
			isa = XCBuildConfiguration;
			buildSettings = {
				ALWAYS_SEARCH_USER_PATHS = NO;
				CLANG_ANALYZER_NONNULL = YES;
				CLANG_ANALYZER_NUMBER_OBJECT_CONVERSION = YES_AGGRESSIVE;
				CLANG_CXX_LANGUAGE_STANDARD = "gnu++17";
				CLANG_ENABLE_MODULES = YES;
				CLANG_ENABLE_OBJC_ARC = YES;
				CLANG_ENABLE_OBJC_WEAK = YES;
				CLANG_WARN_BLOCK_CAPTURE_AUTORELEASING = YES;
				CLANG_WARN_BOOL_CONVERSION = YES;
				CLANG_WARN_COMMA = YES;
				CLANG_WARN_CONSTANT_CONVERSION = YES;
				CLANG_WARN_DEPRECATED_OBJC_IMPLEMENTATIONS = YES;
				CLANG_WARN_DIRECT_OBJC_ISA_USAGE = YES_ERROR;
				CLANG_WARN_DOCUMENTATION_COMMENTS = YES;
				CLANG_WARN_EMPTY_BODY = YES;
				CLANG_WARN_ENUM_CONVERSION = YES;
				CLANG_WARN_INFINITE_RECURSION = YES;
				CLANG_WARN_INT_CONVERSION = YES;
				CLANG_WARN_NON_LITERAL_NULL_CONVERSION = YES;
				CLANG_WARN_OBJC_IMPLICIT_RETAIN_SELF = YES;
				CLANG_WARN_OBJC_LITERAL_CONVERSION = YES;
				CLANG_WARN_OBJC_ROOT_CLASS = YES_ERROR;
				CLANG_WARN_QUOTED_INCLUDE_IN_FRAMEWORK_HEADER = YES;
				CLANG_WARN_RANGE_LOOP_ANALYSIS = YES;
				CLANG_WARN_STRICT_PROTOTYPES = YES;
				CLANG_WARN_SUSPICIOUS_MOVE = YES;
				CLANG_WARN_UNGUARDED_AVAILABILITY = YES_AGGRESSIVE;
				CLANG_WARN_UNREACHABLE_CODE = YES;
				CLANG_WARN__DUPLICATE_METHOD_MATCH = YES;
				COPY_PHASE_STRIP = NO;
				DEBUG_INFORMATION_FORMAT = dwarf;
				ENABLE_STRICT_OBJC_MSGSEND = YES;
				ENABLE_TESTABILITY = YES;
				GCC_C_LANGUAGE_STANDARD = gnu11;
				GCC_DYNAMIC_NO_PIC = NO;
				GCC_NO_COMMON_BLOCKS = YES;
				GCC_OPTIMIZATION_LEVEL = 0;
				GCC_PREPROCESSOR_DEFINITIONS = (
					"DEBUG=1",
					"$(inherited)",
				);
				GCC_WARN_64_TO_32_BIT_CONVERSION = YES;
				GCC_WARN_ABOUT_RETURN_TYPE = YES_ERROR;
				GCC_WARN_UNDECLARED_SELECTOR = YES;
				GCC_WARN_UNINITIALIZED_AUTOS = YES_AGGRESSIVE;
				GCC_WARN_UNUSED_FUNCTION = YES;
				GCC_WARN_UNUSED_VARIABLE = YES;
				IPHONEOS_DEPLOYMENT_TARGET = 14.0;
				MTL_ENABLE_DEBUG_INFO = INCLUDE_SOURCE;
				MTL_FAST_MATH = YES;
				ONLY_ACTIVE_ARCH = YES;
				SDKROOT = iphoneos;
				SWIFT_ACTIVE_COMPILATION_CONDITIONS = DEBUG;
				SWIFT_OPTIMIZATION_LEVEL = "-Onone";
			};
			name = Debug;
		};
		B6A73FE028C0FB7E00151593 /* Release */ = {
			isa = XCBuildConfiguration;
			buildSettings = {
				ALWAYS_SEARCH_USER_PATHS = NO;
				CLANG_ANALYZER_NONNULL = YES;
				CLANG_ANALYZER_NUMBER_OBJECT_CONVERSION = YES_AGGRESSIVE;
				CLANG_CXX_LANGUAGE_STANDARD = "gnu++17";
				CLANG_ENABLE_MODULES = YES;
				CLANG_ENABLE_OBJC_ARC = YES;
				CLANG_ENABLE_OBJC_WEAK = YES;
				CLANG_WARN_BLOCK_CAPTURE_AUTORELEASING = YES;
				CLANG_WARN_BOOL_CONVERSION = YES;
				CLANG_WARN_COMMA = YES;
				CLANG_WARN_CONSTANT_CONVERSION = YES;
				CLANG_WARN_DEPRECATED_OBJC_IMPLEMENTATIONS = YES;
				CLANG_WARN_DIRECT_OBJC_ISA_USAGE = YES_ERROR;
				CLANG_WARN_DOCUMENTATION_COMMENTS = YES;
				CLANG_WARN_EMPTY_BODY = YES;
				CLANG_WARN_ENUM_CONVERSION = YES;
				CLANG_WARN_INFINITE_RECURSION = YES;
				CLANG_WARN_INT_CONVERSION = YES;
				CLANG_WARN_NON_LITERAL_NULL_CONVERSION = YES;
				CLANG_WARN_OBJC_IMPLICIT_RETAIN_SELF = YES;
				CLANG_WARN_OBJC_LITERAL_CONVERSION = YES;
				CLANG_WARN_OBJC_ROOT_CLASS = YES_ERROR;
				CLANG_WARN_QUOTED_INCLUDE_IN_FRAMEWORK_HEADER = YES;
				CLANG_WARN_RANGE_LOOP_ANALYSIS = YES;
				CLANG_WARN_STRICT_PROTOTYPES = YES;
				CLANG_WARN_SUSPICIOUS_MOVE = YES;
				CLANG_WARN_UNGUARDED_AVAILABILITY = YES_AGGRESSIVE;
				CLANG_WARN_UNREACHABLE_CODE = YES;
				CLANG_WARN__DUPLICATE_METHOD_MATCH = YES;
				COPY_PHASE_STRIP = NO;
				DEBUG_INFORMATION_FORMAT = "dwarf-with-dsym";
				ENABLE_NS_ASSERTIONS = NO;
				ENABLE_STRICT_OBJC_MSGSEND = YES;
				GCC_C_LANGUAGE_STANDARD = gnu11;
				GCC_NO_COMMON_BLOCKS = YES;
				GCC_WARN_64_TO_32_BIT_CONVERSION = YES;
				GCC_WARN_ABOUT_RETURN_TYPE = YES_ERROR;
				GCC_WARN_UNDECLARED_SELECTOR = YES;
				GCC_WARN_UNINITIALIZED_AUTOS = YES_AGGRESSIVE;
				GCC_WARN_UNUSED_FUNCTION = YES;
				GCC_WARN_UNUSED_VARIABLE = YES;
				IPHONEOS_DEPLOYMENT_TARGET = 14.0;
				MTL_ENABLE_DEBUG_INFO = NO;
				MTL_FAST_MATH = YES;
				SDKROOT = iphoneos;
				SWIFT_COMPILATION_MODE = wholemodule;
				SWIFT_OPTIMIZATION_LEVEL = "-O";
				VALIDATE_PRODUCT = YES;
			};
			name = Release;
		};
		B6A73FE228C0FB7E00151593 /* Debug */ = {
			isa = XCBuildConfiguration;
			baseConfigurationReference = 763C7343ACD375B99D32180A /* Pods-shopmaker.debug.xcconfig */;
			buildSettings = {
				ASSETCATALOG_COMPILER_APPICON_NAME = AppIcon;
				ASSETCATALOG_COMPILER_GLOBAL_ACCENT_COLOR_NAME = AccentColor;
				CODE_SIGN_ENTITLEMENTS = shopmaker/shopmaker.entitlements;
				CODE_SIGN_IDENTITY = "Apple Development";
				CODE_SIGN_STYLE = Automatic;
				CURRENT_PROJECT_VERSION = 1;
				DEVELOPMENT_TEAM = Y8BGCCK549;
				ENABLE_APP_SANDBOX = NO;
				GENERATE_INFOPLIST_FILE = YES;
				INFOPLIST_FILE = shopmaker/Info.plist;
				INFOPLIST_KEY_CFBundleDisplayName = "샾메이커";
				INFOPLIST_KEY_NSFaceIDUsageDescription = "간편인증 로그인 사용 시 사용됩니다.";
				INFOPLIST_KEY_NSLocationWhenInUseUsageDescription = "주차장 및 충전소 정보의 길찾기를 위해서 사용됩니다.";
				INFOPLIST_KEY_UIApplicationSupportsIndirectInputEvents = YES;
				INFOPLIST_KEY_UILaunchStoryboardName = SplashVC.storyboard;
				INFOPLIST_KEY_UIRequiredDeviceCapabilities = armv7;
				INFOPLIST_KEY_UIStatusBarStyle = UIStatusBarStyleLightContent;
				INFOPLIST_KEY_UISupportedInterfaceOrientations = UIInterfaceOrientationPortrait;
				INFOPLIST_KEY_UISupportedInterfaceOrientations_iPad = "UIInterfaceOrientationLandscapeLeft UIInterfaceOrientationLandscapeRight UIInterfaceOrientationPortrait UIInterfaceOrientationPortraitUpsideDown";
				LD_RUNPATH_SEARCH_PATHS = (
					"$(inherited)",
					"@executable_path/Frameworks",
				);
				MARKETING_VERSION = 1.0.0;
				PRODUCT_BUNDLE_IDENTIFIER = com.ios.shopmakerDev;
				PRODUCT_NAME = "$(TARGET_NAME)";
				PROVISIONING_PROFILE_SPECIFIER = "";
				SUPPORTED_PLATFORMS = "iphoneos iphonesimulator";
				SUPPORTS_MACCATALYST = NO;
				SUPPORTS_MAC_DESIGNED_FOR_IPHONE_IPAD = NO;
				SWIFT_EMIT_LOC_STRINGS = YES;
				SWIFT_VERSION = 5.0;
				TARGETED_DEVICE_FAMILY = 1;
			};
			name = Debug;
		};
		B6A73FE328C0FB7E00151593 /* Release */ = {
			isa = XCBuildConfiguration;
			baseConfigurationReference = 84990AF463CEDED7DFBEB216 /* Pods-shopmaker.release.xcconfig */;
			buildSettings = {
				ASSETCATALOG_COMPILER_APPICON_NAME = AppIcon;
				ASSETCATALOG_COMPILER_GLOBAL_ACCENT_COLOR_NAME = AccentColor;
				CODE_SIGN_ENTITLEMENTS = shopmaker/shopmakerRelease.entitlements;
				CODE_SIGN_IDENTITY = "Apple Development";
				CODE_SIGN_STYLE = Automatic;
				CURRENT_PROJECT_VERSION = 1;
				DEVELOPMENT_TEAM = Y8BGCCK549;
				ENABLE_APP_SANDBOX = NO;
				GENERATE_INFOPLIST_FILE = YES;
				INFOPLIST_FILE = shopmaker/Info.plist;
				INFOPLIST_KEY_CFBundleDisplayName = "샾메이커";
				INFOPLIST_KEY_NSFaceIDUsageDescription = "간편인증 로그인 사용 시 사용됩니다.";
				INFOPLIST_KEY_NSLocationWhenInUseUsageDescription = "주차장 및 충전소 정보의 길찾기를 위해서 사용됩니다.";
				INFOPLIST_KEY_UIApplicationSupportsIndirectInputEvents = YES;
				INFOPLIST_KEY_UILaunchStoryboardName = SplashVC.storyboard;
				INFOPLIST_KEY_UIRequiredDeviceCapabilities = armv7;
				INFOPLIST_KEY_UIStatusBarStyle = UIStatusBarStyleLightContent;
				INFOPLIST_KEY_UISupportedInterfaceOrientations = UIInterfaceOrientationPortrait;
				INFOPLIST_KEY_UISupportedInterfaceOrientations_iPad = "UIInterfaceOrientationLandscapeLeft UIInterfaceOrientationLandscapeRight UIInterfaceOrientationPortrait UIInterfaceOrientationPortraitUpsideDown";
				LD_RUNPATH_SEARCH_PATHS = (
					"$(inherited)",
					"@executable_path/Frameworks",
				);
				MARKETING_VERSION = 1.0.0;
				PRODUCT_BUNDLE_IDENTIFIER = com.ios.shopmaker;
				PRODUCT_NAME = "$(TARGET_NAME)";
				PROVISIONING_PROFILE_SPECIFIER = "";
				SUPPORTED_PLATFORMS = "iphoneos iphonesimulator";
				SUPPORTS_MACCATALYST = NO;
				SUPPORTS_MAC_DESIGNED_FOR_IPHONE_IPAD = NO;
				SWIFT_EMIT_LOC_STRINGS = YES;
				SWIFT_VERSION = 5.0;
				TARGETED_DEVICE_FAMILY = 1;
			};
			name = Release;
		};
/* End XCBuildConfiguration section */

/* Begin XCConfigurationList section */
		B6A73FB228C0FB7D00151593 /* Build configuration list for PBXProject "shopmaker" */ = {
			isa = XCConfigurationList;
			buildConfigurations = (
				B6A73FDF28C0FB7E00151593 /* Debug */,
				B6A73FE028C0FB7E00151593 /* Release */,
			);
			defaultConfigurationIsVisible = 0;
			defaultConfigurationName = Release;
		};
		B6A73FE128C0FB7E00151593 /* Build configuration list for PBXNativeTarget "shopmaker" */ = {
			isa = XCConfigurationList;
			buildConfigurations = (
				B6A73FE228C0FB7E00151593 /* Debug */,
				B6A73FE328C0FB7E00151593 /* Release */,
			);
			defaultConfigurationIsVisible = 0;
			defaultConfigurationName = Release;
		};
/* End XCConfigurationList section */
	};
	rootObject = B6A73FAF28C0FB7D00151593 /* Project object */;
}
